
Microsoft Visual Studio Solution File, Format Version 12.00
# Visual Studio Version 17
VisualStudioVersion = 17.11.35219.272
MinimumVisualStudioVersion = 10.0.40219.1
Project("{FAE04EC0-301F-11D3-BF4B-00C04F79EFBC}") = "sisedi", "sisedi\sisedi.csproj", "{783E3222-3E71-437F-BBD0-8FCE87E894CD}"
EndProject
Project("{FAE04EC0-301F-11D3-BF4B-00C04F79EFBC}") = "sisedimodel", "sisedimodel\sisedimodel.csproj", "{7A301710-566A-43D5-8892-358DF3DAF5F9}"
EndProject
Project("{FAE04EC0-301F-11D3-BF4B-00C04F79EFBC}") = "sisediview", "sisediview\sisediview.csproj", "{E4ADB80E-243E-45F6-90CB-7A41C5523C2E}"
EndProject
Project("{FAE04EC0-301F-11D3-BF4B-00C04F79EFBC}") = "sisedicontroller", "sisedicontroller\sisedicontroller.csproj", "{1E8D3B7B-6428-4AD4-A610-42A1739FD86E}"
EndProject
Global
	GlobalSection(SolutionConfigurationPlatforms) = preSolution
		Debug|Any CPU = Debug|Any CPU
		Release|Any CPU = Release|Any CPU
	EndGlobalSection
	GlobalSection(ProjectConfigurationPlatforms) = postSolution
		{783E3222-3E71-437F-BBD0-8FCE87E894CD}.Debug|Any CPU.ActiveCfg = Debug|Any CPU
		{783E3222-3E71-437F-BBD0-8FCE87E894CD}.Debug|Any CPU.Build.0 = Debug|Any CPU
		{783E3222-3E71-437F-BBD0-8FCE87E894CD}.Release|Any CPU.ActiveCfg = Release|Any CPU
		{783E3222-3E71-437F-BBD0-8FCE87E894CD}.Release|Any CPU.Build.0 = Release|Any CPU
		{7A301710-566A-43D5-8892-358DF3DAF5F9}.Debug|Any CPU.ActiveCfg = Debug|Any CPU
		{7A301710-566A-43D5-8892-358DF3DAF5F9}.Debug|Any CPU.Build.0 = Debug|Any CPU
		{7A301710-566A-43D5-8892-358DF3DAF5F9}.Release|Any CPU.ActiveCfg = Release|Any CPU
		{7A301710-566A-43D5-8892-358DF3DAF5F9}.Release|Any CPU.Build.0 = Release|Any CPU
		{E4ADB80E-243E-45F6-90CB-7A41C5523C2E}.Debug|Any CPU.ActiveCfg = Debug|Any CPU
		{E4ADB80E-243E-45F6-90CB-7A41C5523C2E}.Debug|Any CPU.Build.0 = Debug|Any CPU
		{E4ADB80E-243E-45F6-90CB-7A41C5523C2E}.Release|Any CPU.ActiveCfg = Release|Any CPU
		{E4ADB80E-243E-45F6-90CB-7A41C5523C2E}.Release|Any CPU.Build.0 = Release|Any CPU
		{1E8D3B7B-6428-4AD4-A610-42A1739FD86E}.Debug|Any CPU.ActiveCfg = Debug|Any CPU
		{1E8D3B7B-6428-4AD4-A610-42A1739FD86E}.Debug|Any CPU.Build.0 = Debug|Any CPU
		{1E8D3B7B-6428-4AD4-A610-42A1739FD86E}.Release|Any CPU.ActiveCfg = Release|Any CPU
		{1E8D3B7B-6428-4AD4-A610-42A1739FD86E}.Release|Any CPU.Build.0 = Release|Any CPU
	EndGlobalSection
	GlobalSection(SolutionProperties) = preSolution
		HideSolutionNode = FALSE
	EndGlobalSection
	GlobalSection(ExtensibilityGlobals) = postSolution
		SolutionGuid = {930054B7-A8F0-451A-989F-0540E86BD390}
	EndGlobalSection
EndGlobal
